// !$*UTF8*$!
{
	archiveVersion = 1;
	classes = {
	};
	objectVersion = 46;
	objects = {

/* Begin PBXBuildFile section */
		69D90A901CD9DDC6005796B0 /* AppDelegate.swift in Sources */ = {isa = PBXBuildFile; fileRef = 69D90A8F1CD9DDC6005796B0 /* AppDelegate.swift */; };
		69D90A921CD9DDC6005796B0 /* ViewController.swift in Sources */ = {isa = PBXBuildFile; fileRef = 69D90A911CD9DDC6005796B0 /* ViewController.swift */; };
		69D90A951CD9DDC6005796B0 /* Main.storyboard in Resources */ = {isa = PBXBuildFile; fileRef = 69D90A931CD9DDC6005796B0 /* Main.storyboard */; };
		69D90A971CD9DDC6005796B0 /* Assets.xcassets in Resources */ = {isa = PBXBuildFile; fileRef = 69D90A961CD9DDC6005796B0 /* Assets.xcassets */; };
		69D90A9A1CD9DDC6005796B0 /* LaunchScreen.storyboard in Resources */ = {isa = PBXBuildFile; fileRef = 69D90A981CD9DDC6005796B0 /* LaunchScreen.storyboard */; };
		69D90AA51CD9DDC6005796B0 /* AsapNotificationsTests.swift in Sources */ = {isa = PBXBuildFile; fileRef = 69D90AA41CD9DDC6005796B0 /* AsapNotificationsTests.swift */; };
		69D90AB01CD9DDC6005796B0 /* AsapNotificationsUITests.swift in Sources */ = {isa = PBXBuildFile; fileRef = 69D90AAF1CD9DDC6005796B0 /* AsapNotificationsUITests.swift */; };
/* End PBXBuildFile section */

/* Begin PBXContainerItemProxy section */
		69D90AA11CD9DDC6005796B0 /* PBXContainerItemProxy */ = {
			isa = PBXContainerItemProxy;
			containerPortal = 69D90A841CD9DDC6005796B0 /* Project object */;
			proxyType = 1;
			remoteGlobalIDString = 69D90A8B1CD9DDC6005796B0;
			remoteInfo = AsapNotifications;
		};
		69D90AAC1CD9DDC6005796B0 /* PBXContainerItemProxy */ = {
			isa = PBXContainerItemProxy;
			containerPortal = 69D90A841CD9DDC6005796B0 /* Project object */;
			proxyType = 1;
			remoteGlobalIDString = 69D90A8B1CD9DDC6005796B0;
			remoteInfo = AsapNotifications;
		};
/* End PBXContainerItemProxy section */

/* Begin PBXFileReference section */
		69D90A8C1CD9DDC6005796B0 /* AsapNotifications.app */ = {isa = PBXFileReference; explicitFileType = wrapper.application; includeInIndex = 0; path = AsapNotifications.app; sourceTree = BUILT_PRODUCTS_DIR; };
		69D90A8F1CD9DDC6005796B0 /* AppDelegate.swift */ = {isa = PBXFileReference; lastKnownFileType = sourcecode.swift; path = AppDelegate.swift; sourceTree = "<group>"; };
		69D90A911CD9DDC6005796B0 /* ViewController.swift */ = {isa = PBXFileReference; lastKnownFileType = sourcecode.swift; path = ViewController.swift; sourceTree = "<group>"; };
		69D90A941CD9DDC6005796B0 /* Base */ = {isa = PBXFileReference; lastKnownFileType = file.storyboard; name = Base; path = Base.lproj/Main.storyboard; sourceTree = "<group>"; };
		69D90A961CD9DDC6005796B0 /* Assets.xcassets */ = {isa = PBXFileReference; lastKnownFileType = folder.assetcatalog; path = Assets.xcassets; sourceTree = "<group>"; };
		69D90A991CD9DDC6005796B0 /* Base */ = {isa = PBXFileReference; lastKnownFileType = file.storyboard; name = Base; path = Base.lproj/LaunchScreen.storyboard; sourceTree = "<group>"; };
		69D90A9B1CD9DDC6005796B0 /* Info.plist */ = {isa = PBXFileReference; lastKnownFileType = text.plist.xml; path = Info.plist; sourceTree = "<group>"; };
		69D90AA01CD9DDC6005796B0 /* AsapNotificationsTests.xctest */ = {isa = PBXFileReference; explicitFileType = wrapper.cfbundle; includeInIndex = 0; path = AsapNotificationsTests.xctest; sourceTree = BUILT_PRODUCTS_DIR; };
		69D90AA41CD9DDC6005796B0 /* AsapNotificationsTests.swift */ = {isa = PBXFileReference; lastKnownFileType = sourcecode.swift; path = AsapNotificationsTests.swift; sourceTree = "<group>"; };
		69D90AA61CD9DDC6005796B0 /* Info.plist */ = {isa = PBXFileReference; lastKnownFileType = text.plist.xml; path = Info.plist; sourceTree = "<group>"; };
		69D90AAB1CD9DDC6005796B0 /* AsapNotificationsUITests.xctest */ = {isa = PBXFileReference; explicitFileType = wrapper.cfbundle; includeInIndex = 0; path = AsapNotificationsUITests.xctest; sourceTree = BUILT_PRODUCTS_DIR; };
		69D90AAF1CD9DDC6005796B0 /* AsapNotificationsUITests.swift */ = {isa = PBXFileReference; lastKnownFileType = sourcecode.swift; path = AsapNotificationsUITests.swift; sourceTree = "<group>"; };
		69D90AB11CD9DDC6005796B0 /* Info.plist */ = {isa = PBXFileReference; lastKnownFileType = text.plist.xml; path = Info.plist; sourceTree = "<group>"; };
/* End PBXFileReference section */

/* Begin PBXFrameworksBuildPhase section */
		69D90A891CD9DDC6005796B0 /* Frameworks */ = {
			isa = PBXFrameworksBuildPhase;
			buildActionMask = 2147483647;
			files = (
			);
			runOnlyForDeploymentPostprocessing = 0;
		};
		69D90A9D1CD9DDC6005796B0 /* Frameworks */ = {
			isa = PBXFrameworksBuildPhase;
			buildActionMask = 2147483647;
			files = (
			);
			runOnlyForDeploymentPostprocessing = 0;
		};
		69D90AA81CD9DDC6005796B0 /* Frameworks */ = {
			isa = PBXFrameworksBuildPhase;
			buildActionMask = 2147483647;
			files = (
			);
			runOnlyForDeploymentPostprocessing = 0;
		};
/* End PBXFrameworksBuildPhase section */

/* Begin PBXGroup section */
		69D90A831CD9DDC6005796B0 = {
			isa = PBXGroup;
			children = (
				69D90A8E1CD9DDC6005796B0 /* AsapNotifications */,
				69D90AA31CD9DDC6005796B0 /* AsapNotificationsTests */,
				69D90AAE1CD9DDC6005796B0 /* AsapNotificationsUITests */,
				69D90A8D1CD9DDC6005796B0 /* Products */,
			);
			sourceTree = "<group>";
		};
		69D90A8D1CD9DDC6005796B0 /* Products */ = {
			isa = PBXGroup;
			children = (
				69D90A8C1CD9DDC6005796B0 /* AsapNotifications.app */,
				69D90AA01CD9DDC6005796B0 /* AsapNotificationsTests.xctest */,
				69D90AAB1CD9DDC6005796B0 /* AsapNotificationsUITests.xctest */,
			);
			name = Products;
			sourceTree = "<group>";
		};
		69D90A8E1CD9DDC6005796B0 /* AsapNotifications */ = {
			isa = PBXGroup;
			children = (
				69D90A8F1CD9DDC6005796B0 /* AppDelegate.swift */,
				69D90A911CD9DDC6005796B0 /* ViewController.swift */,
				69D90A931CD9DDC6005796B0 /* Main.storyboard */,
				69D90A961CD9DDC6005796B0 /* Assets.xcassets */,
				69D90A981CD9DDC6005796B0 /* LaunchScreen.storyboard */,
				69D90A9B1CD9DDC6005796B0 /* Info.plist */,
			);
			path = AsapNotifications;
			sourceTree = "<group>";
		};
		69D90AA31CD9DDC6005796B0 /* AsapNotificationsTests */ = {
			isa = PBXGroup;
			children = (
				69D90AA41CD9DDC6005796B0 /* AsapNotificationsTests.swift */,
				69D90AA61CD9DDC6005796B0 /* Info.plist */,
			);
			path = AsapNotificationsTests;
			sourceTree = "<group>";
		};
		69D90AAE1CD9DDC6005796B0 /* AsapNotificationsUITests */ = {
			isa = PBXGroup;
			children = (
				69D90AAF1CD9DDC6005796B0 /* AsapNotificationsUITests.swift */,
				69D90AB11CD9DDC6005796B0 /* Info.plist */,
			);
			path = AsapNotificationsUITests;
			sourceTree = "<group>";
		};
/* End PBXGroup section */

/* Begin PBXNativeTarget section */
		69D90A8B1CD9DDC6005796B0 /* AsapNotifications */ = {
			isa = PBXNativeTarget;
			buildConfigurationList = 69D90AB41CD9DDC6005796B0 /* Build configuration list for PBXNativeTarget "AsapNotifications" */;
			buildPhases = (
				69D90A881CD9DDC6005796B0 /* Sources */,
				69D90A891CD9DDC6005796B0 /* Frameworks */,
				69D90A8A1CD9DDC6005796B0 /* Resources */,
			);
			buildRules = (
			);
			dependencies = (
			);
			name = AsapNotifications;
			productName = AsapNotifications;
			productReference = 69D90A8C1CD9DDC6005796B0 /* AsapNotifications.app */;
			productType = "com.apple.product-type.application";
		};
		69D90A9F1CD9DDC6005796B0 /* AsapNotificationsTests */ = {
			isa = PBXNativeTarget;
			buildConfigurationList = 69D90AB71CD9DDC6005796B0 /* Build configuration list for PBXNativeTarget "AsapNotificationsTests" */;
			buildPhases = (
				69D90A9C1CD9DDC6005796B0 /* Sources */,
				69D90A9D1CD9DDC6005796B0 /* Frameworks */,
				69D90A9E1CD9DDC6005796B0 /* Resources */,
			);
			buildRules = (
			);
			dependencies = (
				69D90AA21CD9DDC6005796B0 /* PBXTargetDependency */,
			);
			name = AsapNotificationsTests;
			productName = AsapNotificationsTests;
			productReference = 69D90AA01CD9DDC6005796B0 /* AsapNotificationsTests.xctest */;
			productType = "com.apple.product-type.bundle.unit-test";
		};
		69D90AAA1CD9DDC6005796B0 /* AsapNotificationsUITests */ = {
			isa = PBXNativeTarget;
			buildConfigurationList = 69D90ABA1CD9DDC6005796B0 /* Build configuration list for PBXNativeTarget "AsapNotificationsUITests" */;
			buildPhases = (
				69D90AA71CD9DDC6005796B0 /* Sources */,
				69D90AA81CD9DDC6005796B0 /* Frameworks */,
				69D90AA91CD9DDC6005796B0 /* Resources */,
			);
			buildRules = (
			);
			dependencies = (
				69D90AAD1CD9DDC6005796B0 /* PBXTargetDependency */,
			);
			name = AsapNotificationsUITests;
			productName = AsapNotificationsUITests;
			productReference = 69D90AAB1CD9DDC6005796B0 /* AsapNotificationsUITests.xctest */;
			productType = "com.apple.product-type.bundle.ui-testing";
		};
/* End PBXNativeTarget section */

/* Begin PBXProject section */
		69D90A841CD9DDC6005796B0 /* Project object */ = {
			isa = PBXProject;
			attributes = {
				LastSwiftUpdateCheck = 0730;
				LastUpgradeCheck = 0730;
				ORGANIZATIONNAME = "Vitalie Jurjiu";
				TargetAttributes = {
					69D90A8B1CD9DDC6005796B0 = {
						CreatedOnToolsVersion = 7.3;
					};
					69D90A9F1CD9DDC6005796B0 = {
						CreatedOnToolsVersion = 7.3;
						TestTargetID = 69D90A8B1CD9DDC6005796B0;
					};
					69D90AAA1CD9DDC6005796B0 = {
						CreatedOnToolsVersion = 7.3;
						TestTargetID = 69D90A8B1CD9DDC6005796B0;
					};
				};
			};
			buildConfigurationList = 69D90A871CD9DDC6005796B0 /* Build configuration list for PBXProject "AsapNotifications" */;
			compatibilityVersion = "Xcode 3.2";
			developmentRegion = English;
			hasScannedForEncodings = 0;
			knownRegions = (
				en,
				Base,
			);
			mainGroup = 69D90A831CD9DDC6005796B0;
			productRefGroup = 69D90A8D1CD9DDC6005796B0 /* Products */;
			projectDirPath = "";
			projectRoot = "";
			targets = (
				69D90A8B1CD9DDC6005796B0 /* AsapNotifications */,
				69D90A9F1CD9DDC6005796B0 /* AsapNotificationsTests */,
				69D90AAA1CD9DDC6005796B0 /* AsapNotificationsUITests */,
			);
		};
/* End PBXProject section */

/* Begin PBXResourcesBuildPhase section */
		69D90A8A1CD9DDC6005796B0 /* Resources */ = {
			isa = PBXResourcesBuildPhase;
			buildActionMask = 2147483647;
			files = (
				69D90A9A1CD9DDC6005796B0 /* LaunchScreen.storyboard in Resources */,
				69D90A971CD9DDC6005796B0 /* Assets.xcassets in Resources */,
				69D90A951CD9DDC6005796B0 /* Main.storyboard in Resources */,
			);
			runOnlyForDeploymentPostprocessing = 0;
		};
		69D90A9E1CD9DDC6005796B0 /* Resources */ = {
			isa = PBXResourcesBuildPhase;
			buildActionMask = 2147483647;
			files = (
			);
			runOnlyForDeploymentPostprocessing = 0;
		};
		69D90AA91CD9DDC6005796B0 /* Resources */ = {
			isa = PBXResourcesBuildPhase;
			buildActionMask = 2147483647;
			files = (
			);
			runOnlyForDeploymentPostprocessing = 0;
		};
/* End PBXResourcesBuildPhase section */

/* Begin PBXSourcesBuildPhase section */
		69D90A881CD9DDC6005796B0 /* Sources */ = {
			isa = PBXSourcesBuildPhase;
			buildActionMask = 2147483647;
			files = (
				69D90A921CD9DDC6005796B0 /* ViewController.swift in Sources */,
				69D90A901CD9DDC6005796B0 /* AppDelegate.swift in Sources */,
			);
			runOnlyForDeploymentPostprocessing = 0;
		};
		69D90A9C1CD9DDC6005796B0 /* Sources */ = {
			isa = PBXSourcesBuildPhase;
			buildActionMask = 2147483647;
			files = (
				69D90AA51CD9DDC6005796B0 /* AsapNotificationsTests.swift in Sources */,
			);
			runOnlyForDeploymentPostprocessing = 0;
		};
		69D90AA71CD9DDC6005796B0 /* Sources */ = {
			isa = PBXSourcesBuildPhase;
			buildActionMask = 2147483647;
			files = (
				69D90AB01CD9DDC6005796B0 /* AsapNotificationsUITests.swift in Sources */,
			);
			runOnlyForDeploymentPostprocessing = 0;
		};
/* End PBXSourcesBuildPhase section */

/* Begin PBXTargetDependency section */
		69D90AA21CD9DDC6005796B0 /* PBXTargetDependency */ = {
			isa = PBXTargetDependency;
			target = 69D90A8B1CD9DDC6005796B0 /* AsapNotifications */;
			targetProxy = 69D90AA11CD9DDC6005796B0 /* PBXContainerItemProxy */;
		};
		69D90AAD1CD9DDC6005796B0 /* PBXTargetDependency */ = {
			isa = PBXTargetDependency;
			target = 69D90A8B1CD9DDC6005796B0 /* AsapNotifications */;
			targetProxy = 69D90AAC1CD9DDC6005796B0 /* PBXContainerItemProxy */;
		};
/* End PBXTargetDependency section */

/* Begin PBXVariantGroup section */
		69D90A931CD9DDC6005796B0 /* Main.storyboard */ = {
			isa = PBXVariantGroup;
			children = (
				69D90A941CD9DDC6005796B0 /* Base */,
			);
			name = Main.storyboard;
			sourceTree = "<group>";
		};
		69D90A981CD9DDC6005796B0 /* LaunchScreen.storyboard */ = {
			isa = PBXVariantGroup;
			children = (
				69D90A991CD9DDC6005796B0 /* Base */,
			);
			name = LaunchScreen.storyboard;
			sourceTree = "<group>";
		};
/* End PBXVariantGroup section */

/* Begin XCBuildConfiguration section */
		69D90AB21CD9DDC6005796B0 /* Debug */ = {
			isa = XCBuildConfiguration;
			buildSettings = {
				ALWAYS_SEARCH_USER_PATHS = NO;
				CLANG_ANALYZER_NONNULL = YES;
				CLANG_CXX_LANGUAGE_STANDARD = "gnu++0x";
				CLANG_CXX_LIBRARY = "libc++";
				CLANG_ENABLE_MODULES = YES;
				CLANG_ENABLE_OBJC_ARC = YES;
				CLANG_WARN_BOOL_CONVERSION = YES;
				CLANG_WARN_CONSTANT_CONVERSION = YES;
				CLANG_WARN_DIRECT_OBJC_ISA_USAGE = YES_ERROR;
				CLANG_WARN_EMPTY_BODY = YES;
				CLANG_WARN_ENUM_CONVERSION = YES;
				CLANG_WARN_INT_CONVERSION = YES;
				CLANG_WARN_OBJC_ROOT_CLASS = YES_ERROR;
				CLANG_WARN_UNREACHABLE_CODE = YES;
				CLANG_WARN__DUPLICATE_METHOD_MATCH = YES;
				"CODE_SIGN_IDENTITY[sdk=iphoneos*]" = "iPhone Developer";
				COPY_PHASE_STRIP = NO;
				DEBUG_INFORMATION_FORMAT = dwarf;
				ENABLE_STRICT_OBJC_MSGSEND = YES;
				ENABLE_TESTABILITY = YES;
				GCC_C_LANGUAGE_STANDARD = gnu99;
				GCC_DYNAMIC_NO_PIC = NO;
				GCC_NO_COMMON_BLOCKS = YES;
				GCC_OPTIMIZATION_LEVEL = 0;
				GCC_PREPROCESSOR_DEFINITIONS = (
					"DEBUG=1",
					"$(inherited)",
				);
				GCC_WARN_64_TO_32_BIT_CONVERSION = YES;
				GCC_WARN_ABOUT_RETURN_TYPE = YES_ERROR;
				GCC_WARN_UNDECLARED_SELECTOR = YES;
				GCC_WARN_UNINITIALIZED_AUTOS = YES_AGGRESSIVE;
				GCC_WARN_UNUSED_FUNCTION = YES;
				GCC_WARN_UNUSED_VARIABLE = YES;
				IPHONEOS_DEPLOYMENT_TARGET = 9.3;
				MTL_ENABLE_DEBUG_INFO = YES;
				ONLY_ACTIVE_ARCH = YES;
				SDKROOT = iphoneos;
				SWIFT_OPTIMIZATION_LEVEL = "-Onone";
				TARGETED_DEVICE_FAMILY = "1,2";
			};
			name = Debug;
		};
		69D90AB31CD9DDC6005796B0 /* Release */ = {
			isa = XCBuildConfiguration;
			buildSettings = {
				ALWAYS_SEARCH_USER_PATHS = NO;
				CLANG_ANALYZER_NONNULL = YES;
				CLANG_CXX_LANGUAGE_STANDARD = "gnu++0x";
				CLANG_CXX_LIBRARY = "libc++";
				CLANG_ENABLE_MODULES = YES;
				CLANG_ENABLE_OBJC_ARC = YES;
				CLANG_WARN_BOOL_CONVERSION = YES;
				CLANG_WARN_CONSTANT_CONVERSION = YES;
				CLANG_WARN_DIRECT_OBJC_ISA_USAGE = YES_ERROR;
				CLANG_WARN_EMPTY_BODY = YES;
				CLANG_WARN_ENUM_CONVERSION = YES;
				CLANG_WARN_INT_CONVERSION = YES;
				CLANG_WARN_OBJC_ROOT_CLASS = YES_ERROR;
				CLANG_WARN_UNREACHABLE_CODE = YES;
				CLANG_WARN__DUPLICATE_METHOD_MATCH = YES;
				"CODE_SIGN_IDENTITY[sdk=iphoneos*]" = "iPhone Developer";
				COPY_PHASE_STRIP = NO;
				DEBUG_INFORMATION_FORMAT = "dwarf-with-dsym";
				ENABLE_NS_ASSERTIONS = NO;
				ENABLE_STRICT_OBJC_MSGSEND = YES;
				GCC_C_LANGUAGE_STANDARD = gnu99;
				GCC_NO_COMMON_BLOCKS = YES;
				GCC_WARN_64_TO_32_BIT_CONVERSION = YES;
				GCC_WARN_ABOUT_RETURN_TYPE = YES_ERROR;
				GCC_WARN_UNDECLARED_SELECTOR = YES;
				GCC_WARN_UNINITIALIZED_AUTOS = YES_AGGRESSIVE;
				GCC_WARN_UNUSED_FUNCTION = YES;
				GCC_WARN_UNUSED_VARIABLE = YES;
				IPHONEOS_DEPLOYMENT_TARGET = 9.3;
				MTL_ENABLE_DEBUG_INFO = NO;
				SDKROOT = iphoneos;
				TARGETED_DEVICE_FAMILY = "1,2";
				VALIDATE_PRODUCT = YES;
			};
			name = Release;
		};
		69D90AB51CD9DDC6005796B0 /* Debug */ = {
			isa = XCBuildConfiguration;
			buildSettings = {
				ASSETCATALOG_COMPILER_APPICON_NAME = AppIcon;
				INFOPLIST_FILE = AsapNotifications/Info.plist;
				LD_RUNPATH_SEARCH_PATHS = "$(inherited) @executable_path/Frameworks";
				PRODUCT_BUNDLE_IDENTIFIER = com.VTJ.AsapNotifications;
				PRODUCT_NAME = "$(TARGET_NAME)";
			};
			name = Debug;
		};
		69D90AB61CD9DDC6005796B0 /* Release */ = {
			isa = XCBuildConfiguration;
			buildSettings = {
				ASSETCATALOG_COMPILER_APPICON_NAME = AppIcon;
				INFOPLIST_FILE = AsapNotifications/Info.plist;
				LD_RUNPATH_SEARCH_PATHS = "$(inherited) @executable_path/Frameworks";
				PRODUCT_BUNDLE_IDENTIFIER = com.VTJ.AsapNotifications;
				PRODUCT_NAME = "$(TARGET_NAME)";
			};
			name = Release;
		};
		69D90AB81CD9DDC6005796B0 /* Debug */ = {
			isa = XCBuildConfiguration;
			buildSettings = {
				BUNDLE_LOADER = "$(TEST_HOST)";
				INFOPLIST_FILE = AsapNotificationsTests/Info.plist;
				LD_RUNPATH_SEARCH_PATHS = "$(inherited) @executable_path/Frameworks @loader_path/Frameworks";
				PRODUCT_BUNDLE_IDENTIFIER = com.VTJ.AsapNotificationsTests;
				PRODUCT_NAME = "$(TARGET_NAME)";
				TEST_HOST = "$(BUILT_PRODUCTS_DIR)/AsapNotifications.app/AsapNotifications";
			};
			name = Debug;
		};
		69D90AB91CD9DDC6005796B0 /* Release */ = {
			isa = XCBuildConfiguration;
			buildSettings = {
				BUNDLE_LOADER = "$(TEST_HOST)";
				INFOPLIST_FILE = AsapNotificationsTests/Info.plist;
				LD_RUNPATH_SEARCH_PATHS = "$(inherited) @executable_path/Frameworks @loader_path/Frameworks";
				PRODUCT_BUNDLE_IDENTIFIER = com.VTJ.AsapNotificationsTests;
				PRODUCT_NAME = "$(TARGET_NAME)";
				TEST_HOST = "$(BUILT_PRODUCTS_DIR)/AsapNotifications.app/AsapNotifications";
			};
			name = Release;
		};
		69D90ABB1CD9DDC6005796B0 /* Debug */ = {
			isa = XCBuildConfiguration;
			buildSettings = {
				INFOPLIST_FILE = AsapNotificationsUITests/Info.plist;
				LD_RUNPATH_SEARCH_PATHS = "$(inherited) @executable_path/Frameworks @loader_path/Frameworks";
				PRODUCT_BUNDLE_IDENTIFIER = com.VTJ.AsapNotificationsUITests;
				PRODUCT_NAME = "$(TARGET_NAME)";
				TEST_TARGET_NAME = AsapNotifications;
			};
			name = Debug;
		};
		69D90ABC1CD9DDC6005796B0 /* Release */ = {
			isa = XCBuildConfiguration;
			buildSettings = {
				INFOPLIST_FILE = AsapNotificationsUITests/Info.plist;
				LD_RUNPATH_SEARCH_PATHS = "$(inherited) @executable_path/Frameworks @loader_path/Frameworks";
				PRODUCT_BUNDLE_IDENTIFIER = com.VTJ.AsapNotificationsUITests;
				PRODUCT_NAME = "$(TARGET_NAME)";
				TEST_TARGET_NAME = AsapNotifications;
			};
			name = Release;
		};
/* End XCBuildConfiguration section */

/* Begin XCConfigurationList section */
		69D90A871CD9DDC6005796B0 /* Build configuration list for PBXProject "AsapNotifications" */ = {
			isa = XCConfigurationList;
			buildConfigurations = (
				69D90AB21CD9DDC6005796B0 /* Debug */,
				69D90AB31CD9DDC6005796B0 /* Release */,
			);
			defaultConfigurationIsVisible = 0;
			defaultConfigurationName = Release;
		};
		69D90AB41CD9DDC6005796B0 /* Build configuration list for PBXNativeTarget "AsapNotifications" */ = {
			isa = XCConfigurationList;
			buildConfigurations = (
				69D90AB51CD9DDC6005796B0 /* Debug */,
				69D90AB61CD9DDC6005796B0 /* Release */,
			);
			defaultConfigurationIsVisible = 0;
		};
		69D90AB71CD9DDC6005796B0 /* Build configuration list for PBXNativeTarget "AsapNotificationsTests" */ = {
			isa = XCConfigurationList;
			buildConfigurations = (
				69D90AB81CD9DDC6005796B0 /* Debug */,
				69D90AB91CD9DDC6005796B0 /* Release */,
			);
			defaultConfigurationIsVisible = 0;
		};
		69D90ABA1CD9DDC6005796B0 /* Build configuration list for PBXNativeTarget "AsapNotificationsUITests" */ = {
			isa = XCConfigurationList;
			buildConfigurations = (
				69D90ABB1CD9DDC6005796B0 /* Debug */,
				69D90ABC1CD9DDC6005796B0 /* Release */,
			);
			defaultConfigurationIsVisible = 0;
		};
/* End XCConfigurationList section */
	};
	rootObject = 69D90A841CD9DDC6005796B0 /* Project object */;
}
